# THIS IS AN AUTOGENERATED FILE. DO NOT EDIT THIS FILE DIRECTLY.
# yarn lockfile v1


"@next/env@13.0.8-canary.2":
  version "13.0.8-canary.2"
  resolved "https://registry.yarnpkg.com/@next/env/-/env-13.0.8-canary.2.tgz#369fdceb6079610a8c50c0f6602a4fc08d9e0238"
  integrity sha512-AL/qgwt7uwsauCWZdX3HsEanNCmv/kCY+0p3Av9q++6uSDRauZ6/nofn0NvxRqi2zjmQXZcVTiZbJJLA7aucnQ==

"@next/font@13.0.8-canary.2":
  version "13.0.8-canary.2"
  resolved "https://registry.yarnpkg.com/@next/font/-/font-13.0.8-canary.2.tgz#38412232c89bbd62f761dd17d378485c395137b7"
  integrity sha512-GW+oZAKbGuv5Q7OR0fGzh5ibeDRpBodAsMnf9uoHY20OSHv8Hf9xsUEt/dgbgrQ4Zrpu7G3mDapVbrQQ4GOC6Q==

"@next/swc-android-arm-eabi@13.0.8-canary.2":
  version "13.0.8-canary.2"
  resolved "https://registry.yarnpkg.com/@next/swc-android-arm-eabi/-/swc-android-arm-eabi-13.0.8-canary.2.tgz#06763c0939bf6223ce1a9447bdaf4180d888fe4a"
  integrity sha512-L0HoZ8XTD+zFW1E7UwQY0iaugy/t49QVXwWwUZYJ601+5puhuvgvRyAz6qY8ByNd2dGXCsCEqEsT77Ns6Cq5hQ==

"@next/swc-android-arm64@13.0.8-canary.2":
  version "13.0.8-canary.2"
  resolved "https://registry.yarnpkg.com/@next/swc-android-arm64/-/swc-android-arm64-13.0.8-canary.2.tgz#42a6dc78582d54acc141574c96de8256d0123b74"
  integrity sha512-98vkDyWvARLWLbdjq34NMm6lqhqoy21JZSZdklxoQ7ZffmQmTcPgIPhvYehq+05hf+5JBkhMGkd496k0bMsBjw==

"@next/swc-darwin-arm64@13.0.8-canary.2":
  version "13.0.8-canary.2"
  resolved "https://registry.yarnpkg.com/@next/swc-darwin-arm64/-/swc-darwin-arm64-13.0.8-canary.2.tgz#f7095619dfe66a5986b55b5a93c2e5324df9c732"
  integrity sha512-VvzrT2DOgst5e0YpG2VfMvOqYf3eUAuHSdBmktxA8l27LKHjNzSZ3t017MmibQtiErkf7vQHvP93riZWE/7I/Q==

"@next/swc-darwin-x64@13.0.8-canary.2":
  version "13.0.8-canary.2"
  resolved "https://registry.yarnpkg.com/@next/swc-darwin-x64/-/swc-darwin-x64-13.0.8-canary.2.tgz#3e3db031b056b316827c8711089a874842ef0207"
  integrity sha512-yRN+26jOrXFgVeY3kX5SXnY4Dg7t3JQCFBFiKVsRaerF0aDyrfsF751ujldRGJG1wLHhN5FR1ulnWZ1d3drE7w==

"@next/swc-freebsd-x64@13.0.8-canary.2":
  version "13.0.8-canary.2"
  resolved "https://registry.yarnpkg.com/@next/swc-freebsd-x64/-/swc-freebsd-x64-13.0.8-canary.2.tgz#665285ea5941f201b9e59862938e5c2a660c672a"
  integrity sha512-HxFxdO+H7v1++p/b4kv8OKcrGO9lidBIrUnCgTCuxrSufOsfCJAi9bo8qE+t4zmYj9i16rw/OC+YC0Dn4L0Uvw==

"@next/swc-linux-arm-gnueabihf@13.0.8-canary.2":
  version "13.0.8-canary.2"
  resolved "https://registry.yarnpkg.com/@next/swc-linux-arm-gnueabihf/-/swc-linux-arm-gnueabihf-13.0.8-canary.2.tgz#3989630198955e2c27f5b71987254273c3875a62"
  integrity sha512-l9aY0mkCxzYJud2iZ20ZG6urSLUgcSpUk1GJ15jdlctzT7XEVU5DUElxPhjZMICO0s337Nt2kenlss71Aiw8Zg==

"@next/swc-linux-arm64-gnu@13.0.8-canary.2":
  version "13.0.8-canary.2"
  resolved "https://registry.yarnpkg.com/@next/swc-linux-arm64-gnu/-/swc-linux-arm64-gnu-13.0.8-canary.2.tgz#8d27a44801b5d7fec66b692d8efe6b789d003d47"
  integrity sha512-v+1+woCfgMW6c7gw6U/oSl4zkdbSL5I7hBg7Yt/2jyXa9Xrk+qxsU4GPVA5RStX9S6X1aDK/cHX/IncKUq7XTQ==

"@next/swc-linux-arm64-musl@13.0.8-canary.2":
  version "13.0.8-canary.2"
  resolved "https://registry.yarnpkg.com/@next/swc-linux-arm64-musl/-/swc-linux-arm64-musl-13.0.8-canary.2.tgz#8376ea98abcfd733b9c927e06e1a2bc68ee00228"
  integrity sha512-+CmK4LVZ+RYgLHeN7AQJsES+YLMhr29vWpmyPrvnIAybq839L2iwcP0TzjiYNdbGVHxUYkbJ7Q+2F7J3Tdihpg==

"@next/swc-linux-x64-gnu@13.0.8-canary.2":
  version "13.0.8-canary.2"
  resolved "https://registry.yarnpkg.com/@next/swc-linux-x64-gnu/-/swc-linux-x64-gnu-13.0.8-canary.2.tgz#1a01ca5b41a7810c2453606c8fc7d4ecaa103029"
  integrity sha512-qX+HkP3X4YHElZvF9hdwVyR5tOjDhbntH/kxh035FwzuDSQZxdLs1pzK3+czHOTBYpdvY4m8TFAK6QCYngi5jw==

"@next/swc-linux-x64-musl@13.0.8-canary.2":
  version "13.0.8-canary.2"
  resolved "https://registry.yarnpkg.com/@next/swc-linux-x64-musl/-/swc-linux-x64-musl-13.0.8-canary.2.tgz#b67e8ed99e680824f8ce85eadd484670adf7d701"
  integrity sha512-fWNi2GcScjKQILD1Z2tjt0vKrsq755ov7gB5sx9AsQksAHzBQw4aJS+siYg1O9vnBnwzlThyeiAnqCFE4ZGCAA==

"@next/swc-win32-arm64-msvc@13.0.8-canary.2":
  version "13.0.8-canary.2"
  resolved "https://registry.yarnpkg.com/@next/swc-win32-arm64-msvc/-/swc-win32-arm64-msvc-13.0.8-canary.2.tgz#e6e0b77a62560ccc98b013708db4c92ef74f07ed"
  integrity sha512-A9NIhEn7gnnr3sOCQOcWOF8AkwA2MEUivJnXa8zYCT4iA6yBp9g8zxF02ikUtNG1V/FnT14fCgPZBh0t4fzGMQ==

"@next/swc-win32-ia32-msvc@13.0.8-canary.2":
  version "13.0.8-canary.2"
  resolved "https://registry.yarnpkg.com/@next/swc-win32-ia32-msvc/-/swc-win32-ia32-msvc-13.0.8-canary.2.tgz#6178181188ebecd790adfb709c03e9be8dfde85b"
  integrity sha512-IfrGEhTKI9wBbf3FxzklVDEziHSN3t6eDY1UVlst+JRMcaJkQb5DsNrFRXXXVGgbl7WTvlpAkyuuHmCOVZMf5g==

"@next/swc-win32-x64-msvc@13.0.8-canary.2":
  version "13.0.8-canary.2"
  resolved "https://registry.yarnpkg.com/@next/swc-win32-x64-msvc/-/swc-win32-x64-msvc-13.0.8-canary.2.tgz#ea61df38d63d0bd59d220699246e4ef8a55106f5"
  integrity sha512-ymZLJDSYDSquhpUl5lbJ4ZXsoPH2okx/rI4rpHaM+MvP45C8HXllgs10N17kMxwTGPVNI2Lsca8DC34CcbuMsQ==

"@swc/helpers@0.4.14":
  version "0.4.14"
  resolved "https://registry.yarnpkg.com/@swc/helpers/-/helpers-0.4.14.tgz#1352ac6d95e3617ccb7c1498ff019654f1e12a74"
  integrity sha512-4C7nX/dvpzB7za4Ql9K81xK3HPxCpHMgwTZVyf+9JQ6VUbn9jjZVN7/Nkdz/Ugzs2CSjqnL/UPXroiVBVHUWUw==
  dependencies:
    tslib "^2.4.0"

caniuse-lite@^1.0.30001406:
  version "1.0.30001441"
  resolved "https://registry.yarnpkg.com/caniuse-lite/-/caniuse-lite-1.0.30001441.tgz#987437b266260b640a23cd18fbddb509d7f69f3e"
  integrity sha512-OyxRR4Vof59I3yGWXws6i908EtGbMzVUi3ganaZQHmydk1iwDhRnvaPG2WaR0KcqrDFKrxVZHULT396LEPhXfg==

client-only@0.0.1:
  version "0.0.1"
  resolved "https://registry.yarnpkg.com/client-only/-/client-only-0.0.1.tgz#38bba5d403c41ab150bff64a95c85013cf73bca1"
  integrity sha512-IV3Ou0jSMzZrd3pZ48nLkT9DA7Ag1pnPzaiQhpW7c3RbcqqzvzzVu+L8gfqMp/8IM2MQtSiqaCxrrcfu8I8rMA==

"js-tokens@^3.0.0 || ^4.0.0":
  version "4.0.0"
  resolved "https://registry.yarnpkg.com/js-tokens/-/js-tokens-4.0.0.tgz#19203fb59991df98e3a287050d4647cdeaf32499"
  integrity sha512-RdJUflcE3cUzKiMqQgsCu06FPu9UdIJO0beYbPhHN4k6apgJtifcoCtT9bcxOpYBtpD2kCM6Sbzg4CausW/PKQ==

loose-envify@^1.1.0:
  version "1.4.0"
  resolved "https://registry.yarnpkg.com/loose-envify/-/loose-envify-1.4.0.tgz#71ee51fa7be4caec1a63839f7e682d8132d30caf"
  integrity sha512-lyuxPGr/Wfhrlem2CL/UcnUc1zcqKAImBDzukY7Y5F/yQiNdko6+fRLevlw1HgMySw7f611UIY408EtxRSoK3Q==
  dependencies:
    js-tokens "^3.0.0 || ^4.0.0"

nanoid@^3.3.4:
  version "3.3.4"
  resolved "https://registry.yarnpkg.com/nanoid/-/nanoid-3.3.4.tgz#730b67e3cd09e2deacf03c027c81c9d9dbc5e8ab"
  integrity sha512-MqBkQh/OHTS2egovRtLk45wEyNXwF+cokD+1YPf9u5VfJiRdAiRwB2froX5Co9Rh20xs4siNPm8naNotSD6RBw==

next@13.0.8-canary.2:
  version "13.0.8-canary.2"
  resolved "https://registry.yarnpkg.com/next/-/next-13.0.8-canary.2.tgz#a8a2d4cf3120bbf26745f9c42d410797f7fbb29b"
  integrity sha512-3HMCYnM2kqNz7FgLGnpbkWBvm1o9stNoYIjSfDVtlIk1slDFkJYuekF8L+R0MTl4siRdA7VoEjb/jRyXWjFtiA==
  dependencies:
    "@next/env" "13.0.8-canary.2"
    "@swc/helpers" "0.4.14"
    caniuse-lite "^1.0.30001406"
    postcss "8.4.14"
    styled-jsx "5.1.1"
  optionalDependencies:
    "@next/swc-android-arm-eabi" "13.0.8-canary.2"
    "@next/swc-android-arm64" "13.0.8-canary.2"
    "@next/swc-darwin-arm64" "13.0.8-canary.2"
    "@next/swc-darwin-x64" "13.0.8-canary.2"
    "@next/swc-freebsd-x64" "13.0.8-canary.2"
    "@next/swc-linux-arm-gnueabihf" "13.0.8-canary.2"
    "@next/swc-linux-arm64-gnu" "13.0.8-canary.2"
    "@next/swc-linux-arm64-musl" "13.0.8-canary.2"
    "@next/swc-linux-x64-gnu" "13.0.8-canary.2"
    "@next/swc-linux-x64-musl" "13.0.8-canary.2"
    "@next/swc-win32-arm64-msvc" "13.0.8-canary.2"
    "@next/swc-win32-ia32-msvc" "13.0.8-canary.2"
    "@next/swc-win32-x64-msvc" "13.0.8-canary.2"

picocolors@^1.0.0:
  version "1.0.0"
  resolved "https://registry.yarnpkg.com/picocolors/-/picocolors-1.0.0.tgz#cb5bdc74ff3f51892236eaf79d68bc44564ab81c"
  integrity sha512-1fygroTLlHu66zi26VoTDv8yRgm0Fccecssto+MhsZ0D/DGW2sm8E8AjW7NU5VVTRt5GxbeZ5qBuJr+HyLYkjQ==

postcss@8.4.14:
  version "8.4.14"
  resolved "https://registry.yarnpkg.com/postcss/-/postcss-8.4.14.tgz#ee9274d5622b4858c1007a74d76e42e56fd21caf"
  integrity sha512-E398TUmfAYFPBSdzgeieK2Y1+1cpdxJx8yXbK/m57nRhKSmk1GB2tO4lbLBtlkfPQTDKfe4Xqv1ASWPpayPEig==
  dependencies:
    nanoid "^3.3.4"
    picocolors "^1.0.0"
    source-map-js "^1.0.2"

react-dom@18.2.0:
  version "18.2.0"
  resolved "https://registry.yarnpkg.com/react-dom/-/react-dom-18.2.0.tgz#22aaf38708db2674ed9ada224ca4aa708d821e3d"
  integrity sha512-6IMTriUmvsjHUjNtEDudZfuDQUoWXVxKHhlEGSk81n4YFS+r/Kl99wXiwlVXtPBtJenozv2P+hxDsw9eA7Xo6g==
  dependencies:
    loose-envify "^1.1.0"
    scheduler "^0.23.0"

react@18.2.0:
  version "18.2.0"
  resolved "https://registry.yarnpkg.com/react/-/react-18.2.0.tgz#555bd98592883255fa00de14f1151a917b5d77d5"
  integrity sha512-/3IjMdb2L9QbBdWiW5e3P2/npwMBaU9mHCSCUzNln0ZCYbcfTsGbTJrU/kGemdH2IWmB2ioZ+zkxtmq6g09fGQ==
  dependencies:
    loose-envify "^1.1.0"

scheduler@^0.23.0:
  version "0.23.0"
  resolved "https://registry.yarnpkg.com/scheduler/-/scheduler-0.23.0.tgz#ba8041afc3d30eb206a487b6b384002e4e61fdfe"
  integrity sha512-CtuThmgHNg7zIZWAXi3AsyIzA3n4xx7aNyjwC2VJldO2LMVDhFK+63xGqq6CsJH4rTAt6/M+N4GhZiDYPx9eUw==
  dependencies:
    loose-envify "^1.1.0"

source-map-js@^1.0.2:
  version "1.0.2"
  resolved "https://registry.yarnpkg.com/source-map-js/-/source-map-js-1.0.2.tgz#adbc361d9c62df380125e7f161f71c826f1e490c"
  integrity sha512-R0XvVJ9WusLiqTCEiGCmICCMplcCkIwwR11mOSD9CR5u+IXYdiseeEuXCVAjS54zqwkLcPNnmU4OeJ6tUrWhDw==

styled-jsx@5.1.1:
  version "5.1.1"
  resolved "https://registry.yarnpkg.com/styled-jsx/-/styled-jsx-5.1.1.tgz#839a1c3aaacc4e735fed0781b8619ea5d0009d1f"
  integrity sha512-pW7uC1l4mBZ8ugbiZrcIsiIvVx1UmTfw7UkC3Um2tmfUq9Bhk8IiyEIPl6F8agHgjzku6j0xQEZbfA5uSgSaCw==
  dependencies:
    client-only "0.0.1"

tslib@^2.4.0:
  version "2.4.1"
  resolved "https://registry.yarnpkg.com/tslib/-/tslib-2.4.1.tgz#0d0bfbaac2880b91e22df0768e55be9753a5b17e"
  integrity sha512-tGyy4dAjRIEwI7BzsB0lynWgOpfqjUdq91XXAlIWD2OwKBH7oCl/GZG/HT4BOHrTlPMOASlMQ7veyTqpmRcrNA==
