# THIS IS AN AUTOGENERATED FILE. DO NOT EDIT THIS FILE DIRECTLY.
# yarn lockfile v1


"@next/env@13.0.8-canary.4":
  version "13.0.8-canary.4"
  resolved "https://registry.yarnpkg.com/@next/env/-/env-13.0.8-canary.4.tgz#342f0db74101f6824d76fc1e9b98b49b5a4d7d53"
  integrity sha512-QWsK3BkgYSUZG/CVDkTOtj0bUpRAcXJsalyi1Bb1d6DugVrKoyu92JJn6XlruAqp/iSvjNNMpKWhN//OV2vGYA==

"@next/font@13.0.8-canary.4":
  version "13.0.8-canary.4"
  resolved "https://registry.yarnpkg.com/@next/font/-/font-13.0.8-canary.4.tgz#4c29025924958ac2807354e28133c7bb3cd4b323"
  integrity sha512-NC1RPBoh/YSrBPzfYXDnd6VLy6kqTcm8UK3FlEsz6TJDKYnvIzYR7M3M1PdhStqEaZFGGbXeUP3umFel1uVqNA==

"@next/swc-android-arm-eabi@13.0.8-canary.4":
  version "13.0.8-canary.4"
  resolved "https://registry.yarnpkg.com/@next/swc-android-arm-eabi/-/swc-android-arm-eabi-13.0.8-canary.4.tgz#3be05cbcd998c2a4e75828ebd9b8c4bd62cf8f8f"
  integrity sha512-ZkI9fm476MSIenQMHPti42bfKTbqdccme2ApX6Cl/yK/rSjAUyf53rQ5Rx5MGiQUwl66ImhPSlXRdbMNd1Rc/w==

"@next/swc-android-arm64@13.0.8-canary.4":
  version "13.0.8-canary.4"
  resolved "https://registry.yarnpkg.com/@next/swc-android-arm64/-/swc-android-arm64-13.0.8-canary.4.tgz#b233c6f562ed8754447a9fdee766e481af3d6713"
  integrity sha512-0vxd+x8k4L3v0QNZxOCL+yFMWtxFS/R/XpBkYxl6Pm5nFKaWdOSGoc451v5zN5JirZ2TK8mMGqoGB1r+wZDHsQ==

"@next/swc-darwin-arm64@13.0.8-canary.4":
  version "13.0.8-canary.4"
  resolved "https://registry.yarnpkg.com/@next/swc-darwin-arm64/-/swc-darwin-arm64-13.0.8-canary.4.tgz#0f4480fc0431a68fd201ac81a7619d51e24e3775"
  integrity sha512-IoTsF4AzTtuozdxyJq2CZwNopNAxapU1ekHxRc11hqqASvfsfaFyrpB1fCF7fTExdEOY4XeoTpA57Nv4l4ZwWg==

"@next/swc-darwin-x64@13.0.8-canary.4":
  version "13.0.8-canary.4"
  resolved "https://registry.yarnpkg.com/@next/swc-darwin-x64/-/swc-darwin-x64-13.0.8-canary.4.tgz#a76ae5e7f4e45af9a345a4ee966a54947dff222e"
  integrity sha512-8V/H20sMwM0N/tBbjqzTDE4Ln2UYcKclmhw/T8QGrAC+9ijfUx+qMR7EJsihSkrQRIus6uA06YSQGbOpDIacLA==

"@next/swc-freebsd-x64@13.0.8-canary.4":
  version "13.0.8-canary.4"
  resolved "https://registry.yarnpkg.com/@next/swc-freebsd-x64/-/swc-freebsd-x64-13.0.8-canary.4.tgz#8b170c031dcc38f80736d4259639b29ac9447ee8"
  integrity sha512-Nfm9PwHjuuq0oMLaiGrmz9IYbAcN9G5JqCn1czbqYGGqZZ10JksOW4hgpYbiztYLo17X4ZnijlrJU4zv7x17gA==

"@next/swc-linux-arm-gnueabihf@13.0.8-canary.4":
  version "13.0.8-canary.4"
  resolved "https://registry.yarnpkg.com/@next/swc-linux-arm-gnueabihf/-/swc-linux-arm-gnueabihf-13.0.8-canary.4.tgz#1e796e1e2c7228b461797f6b8d25530f1c46cedb"
  integrity sha512-kncXSJritijQThmGFQ9SMMxa4OiQIoMRRCZkOrQ1qrLNT/c/6yQOPHkzfgwo8oZWaMUdArIdjDUeumXkKdvz/A==

"@next/swc-linux-arm64-gnu@13.0.8-canary.4":
  version "13.0.8-canary.4"
  resolved "https://registry.yarnpkg.com/@next/swc-linux-arm64-gnu/-/swc-linux-arm64-gnu-13.0.8-canary.4.tgz#12159f991b60e12ee29b9bc3a3cf87fe3d49c9ad"
  integrity sha512-Vmn7Ltlk6yLanOMsVuksYMXkWi53pYAfBbdDameRRGNGDgHDcPYlG4r2LA6luoDSszJ+iE2Vv7PEW2rHaCt1cQ==

"@next/swc-linux-arm64-musl@13.0.8-canary.4":
  version "13.0.8-canary.4"
  resolved "https://registry.yarnpkg.com/@next/swc-linux-arm64-musl/-/swc-linux-arm64-musl-13.0.8-canary.4.tgz#1f5ce4337226be49821516fc1d72d91fc3335988"
  integrity sha512-oib9e/GmaQ2u4hldXn8gQJkyySLVIcjgkdHVjErVrVTERReVmcbUvOrCdkLOY/7mcqT5X6fQpCQc14psd8Vefg==

"@next/swc-linux-x64-gnu@13.0.8-canary.4":
  version "13.0.8-canary.4"
  resolved "https://registry.yarnpkg.com/@next/swc-linux-x64-gnu/-/swc-linux-x64-gnu-13.0.8-canary.4.tgz#84a418cd63d4857e9224bbdc585e6071ad14c5ea"
  integrity sha512-3KA+SH6Ea+rJRKURhuEdB+sWsGedBiEmpY6CcXd4tyRqcPbBxavJtX9m5jUMZkP7HyR+0+lodRMtOXnhkrlk0Q==

"@next/swc-linux-x64-musl@13.0.8-canary.4":
  version "13.0.8-canary.4"
  resolved "https://registry.yarnpkg.com/@next/swc-linux-x64-musl/-/swc-linux-x64-musl-13.0.8-canary.4.tgz#2922f12c7970d2be834393adeec4a3108647f331"
  integrity sha512-2OJMbx/cEVAheYQJABbAymbkwo22qOGJlFZIZbVH7Xyx7iFrwCM7jqQEKIR/OgknXITWmLMDpmV+E3y3/PGklw==

"@next/swc-win32-arm64-msvc@13.0.8-canary.4":
  version "13.0.8-canary.4"
  resolved "https://registry.yarnpkg.com/@next/swc-win32-arm64-msvc/-/swc-win32-arm64-msvc-13.0.8-canary.4.tgz#0527ae0f7be31dfa8b82cee5fbed21cec70a3a9b"
  integrity sha512-fHUA9frhEK4vjW4cGF+sMlgJYF1cVxWmpukB+8O8vz9feJglF6A9agfkotMpKlay8Z1BWLz5rMWCa0bsT2z4Gg==

"@next/swc-win32-ia32-msvc@13.0.8-canary.4":
  version "13.0.8-canary.4"
  resolved "https://registry.yarnpkg.com/@next/swc-win32-ia32-msvc/-/swc-win32-ia32-msvc-13.0.8-canary.4.tgz#c932bdd0f280f506d05fda81f552915054de6a95"
  integrity sha512-GnIt5HoiVyWd9LNhugMfWEqxSpY5/i8dTLv99fRHWfzHM+FexhjkMiNRP89OBLwLUaVhi4dA1CYj4qP65/miRg==

"@next/swc-win32-x64-msvc@13.0.8-canary.4":
  version "13.0.8-canary.4"
  resolved "https://registry.yarnpkg.com/@next/swc-win32-x64-msvc/-/swc-win32-x64-msvc-13.0.8-canary.4.tgz#9a1ac2c84fa685d05fe2eda0f95471d55eeff72d"
  integrity sha512-Qvii3HSpo9T+2bFqX/c5s520T5or7Kq9j5JnP3hgyI+Htj8lffqKakxZZE7YTSpsLu4kGnmvAHb8r1JRZApWKw==

"@swc/helpers@0.4.14":
  version "0.4.14"
  resolved "https://registry.yarnpkg.com/@swc/helpers/-/helpers-0.4.14.tgz#1352ac6d95e3617ccb7c1498ff019654f1e12a74"
  integrity sha512-4C7nX/dvpzB7za4Ql9K81xK3HPxCpHMgwTZVyf+9JQ6VUbn9jjZVN7/Nkdz/Ugzs2CSjqnL/UPXroiVBVHUWUw==
  dependencies:
    tslib "^2.4.0"

caniuse-lite@^1.0.30001406:
  version "1.0.30001441"
  resolved "https://registry.yarnpkg.com/caniuse-lite/-/caniuse-lite-1.0.30001441.tgz#987437b266260b640a23cd18fbddb509d7f69f3e"
  integrity sha512-OyxRR4Vof59I3yGWXws6i908EtGbMzVUi3ganaZQHmydk1iwDhRnvaPG2WaR0KcqrDFKrxVZHULT396LEPhXfg==

client-only@0.0.1:
  version "0.0.1"
  resolved "https://registry.yarnpkg.com/client-only/-/client-only-0.0.1.tgz#38bba5d403c41ab150bff64a95c85013cf73bca1"
  integrity sha512-IV3Ou0jSMzZrd3pZ48nLkT9DA7Ag1pnPzaiQhpW7c3RbcqqzvzzVu+L8gfqMp/8IM2MQtSiqaCxrrcfu8I8rMA==

"js-tokens@^3.0.0 || ^4.0.0":
  version "4.0.0"
  resolved "https://registry.yarnpkg.com/js-tokens/-/js-tokens-4.0.0.tgz#19203fb59991df98e3a287050d4647cdeaf32499"
  integrity sha512-RdJUflcE3cUzKiMqQgsCu06FPu9UdIJO0beYbPhHN4k6apgJtifcoCtT9bcxOpYBtpD2kCM6Sbzg4CausW/PKQ==

loose-envify@^1.1.0:
  version "1.4.0"
  resolved "https://registry.yarnpkg.com/loose-envify/-/loose-envify-1.4.0.tgz#71ee51fa7be4caec1a63839f7e682d8132d30caf"
  integrity sha512-lyuxPGr/Wfhrlem2CL/UcnUc1zcqKAImBDzukY7Y5F/yQiNdko6+fRLevlw1HgMySw7f611UIY408EtxRSoK3Q==
  dependencies:
    js-tokens "^3.0.0 || ^4.0.0"

nanoid@^3.3.4:
  version "3.3.4"
  resolved "https://registry.yarnpkg.com/nanoid/-/nanoid-3.3.4.tgz#730b67e3cd09e2deacf03c027c81c9d9dbc5e8ab"
  integrity sha512-MqBkQh/OHTS2egovRtLk45wEyNXwF+cokD+1YPf9u5VfJiRdAiRwB2froX5Co9Rh20xs4siNPm8naNotSD6RBw==

next@13.0.8-canary.4:
  version "13.0.8-canary.4"
  resolved "https://registry.yarnpkg.com/next/-/next-13.0.8-canary.4.tgz#a9a3f0530b1a45e591e6a3f23aedfaa5c365c6e8"
  integrity sha512-Mbl8Uh0efJgp1KijETm8Q4puWSaCWHJk+W97crrhnOb2ih32DjAD7g03JjS4ZaBb5b3fka0tHUMIdO+nljq17w==
  dependencies:
    "@next/env" "13.0.8-canary.4"
    "@swc/helpers" "0.4.14"
    caniuse-lite "^1.0.30001406"
    postcss "8.4.14"
    styled-jsx "5.1.1"
  optionalDependencies:
    "@next/swc-android-arm-eabi" "13.0.8-canary.4"
    "@next/swc-android-arm64" "13.0.8-canary.4"
    "@next/swc-darwin-arm64" "13.0.8-canary.4"
    "@next/swc-darwin-x64" "13.0.8-canary.4"
    "@next/swc-freebsd-x64" "13.0.8-canary.4"
    "@next/swc-linux-arm-gnueabihf" "13.0.8-canary.4"
    "@next/swc-linux-arm64-gnu" "13.0.8-canary.4"
    "@next/swc-linux-arm64-musl" "13.0.8-canary.4"
    "@next/swc-linux-x64-gnu" "13.0.8-canary.4"
    "@next/swc-linux-x64-musl" "13.0.8-canary.4"
    "@next/swc-win32-arm64-msvc" "13.0.8-canary.4"
    "@next/swc-win32-ia32-msvc" "13.0.8-canary.4"
    "@next/swc-win32-x64-msvc" "13.0.8-canary.4"

picocolors@^1.0.0:
  version "1.0.0"
  resolved "https://registry.yarnpkg.com/picocolors/-/picocolors-1.0.0.tgz#cb5bdc74ff3f51892236eaf79d68bc44564ab81c"
  integrity sha512-1fygroTLlHu66zi26VoTDv8yRgm0Fccecssto+MhsZ0D/DGW2sm8E8AjW7NU5VVTRt5GxbeZ5qBuJr+HyLYkjQ==

postcss@8.4.14:
  version "8.4.14"
  resolved "https://registry.yarnpkg.com/postcss/-/postcss-8.4.14.tgz#ee9274d5622b4858c1007a74d76e42e56fd21caf"
  integrity sha512-E398TUmfAYFPBSdzgeieK2Y1+1cpdxJx8yXbK/m57nRhKSmk1GB2tO4lbLBtlkfPQTDKfe4Xqv1ASWPpayPEig==
  dependencies:
    nanoid "^3.3.4"
    picocolors "^1.0.0"
    source-map-js "^1.0.2"

react-dom@18.2.0:
  version "18.2.0"
  resolved "https://registry.yarnpkg.com/react-dom/-/react-dom-18.2.0.tgz#22aaf38708db2674ed9ada224ca4aa708d821e3d"
  integrity sha512-6IMTriUmvsjHUjNtEDudZfuDQUoWXVxKHhlEGSk81n4YFS+r/Kl99wXiwlVXtPBtJenozv2P+hxDsw9eA7Xo6g==
  dependencies:
    loose-envify "^1.1.0"
    scheduler "^0.23.0"

react@18.2.0:
  version "18.2.0"
  resolved "https://registry.yarnpkg.com/react/-/react-18.2.0.tgz#555bd98592883255fa00de14f1151a917b5d77d5"
  integrity sha512-/3IjMdb2L9QbBdWiW5e3P2/npwMBaU9mHCSCUzNln0ZCYbcfTsGbTJrU/kGemdH2IWmB2ioZ+zkxtmq6g09fGQ==
  dependencies:
    loose-envify "^1.1.0"

scheduler@^0.23.0:
  version "0.23.0"
  resolved "https://registry.yarnpkg.com/scheduler/-/scheduler-0.23.0.tgz#ba8041afc3d30eb206a487b6b384002e4e61fdfe"
  integrity sha512-CtuThmgHNg7zIZWAXi3AsyIzA3n4xx7aNyjwC2VJldO2LMVDhFK+63xGqq6CsJH4rTAt6/M+N4GhZiDYPx9eUw==
  dependencies:
    loose-envify "^1.1.0"

source-map-js@^1.0.2:
  version "1.0.2"
  resolved "https://registry.yarnpkg.com/source-map-js/-/source-map-js-1.0.2.tgz#adbc361d9c62df380125e7f161f71c826f1e490c"
  integrity sha512-R0XvVJ9WusLiqTCEiGCmICCMplcCkIwwR11mOSD9CR5u+IXYdiseeEuXCVAjS54zqwkLcPNnmU4OeJ6tUrWhDw==

styled-jsx@5.1.1:
  version "5.1.1"
  resolved "https://registry.yarnpkg.com/styled-jsx/-/styled-jsx-5.1.1.tgz#839a1c3aaacc4e735fed0781b8619ea5d0009d1f"
  integrity sha512-pW7uC1l4mBZ8ugbiZrcIsiIvVx1UmTfw7UkC3Um2tmfUq9Bhk8IiyEIPl6F8agHgjzku6j0xQEZbfA5uSgSaCw==
  dependencies:
    client-only "0.0.1"

tslib@^2.4.0:
  version "2.4.1"
  resolved "https://registry.yarnpkg.com/tslib/-/tslib-2.4.1.tgz#0d0bfbaac2880b91e22df0768e55be9753a5b17e"
  integrity sha512-tGyy4dAjRIEwI7BzsB0lynWgOpfqjUdq91XXAlIWD2OwKBH7oCl/GZG/HT4BOHrTlPMOASlMQ7veyTqpmRcrNA==
